
Microsoft Visual Studio Solution File, Format Version 12.00
# Visual Studio Version 16
VisualStudioVersion = 16.0.30204.135
MinimumVisualStudioVersion = 10.0.40219.1
Project("{2150E333-8FDC-42A3-9474-1A3956D46DE8}") = "Creational", "Creational", "{CB527102-0F36-4362-8BA7-F75DF00A24F8}"
EndProject
Project("{9A19103F-16F7-4668-BE54-9A1E7A4F7556}") = "FactoryMethod", "FactoryMethod\FactoryMethod.csproj", "{FC21C6A0-0971-434A-87B2-A2C81BE18051}"
EndProject
Project("{9A19103F-16F7-4668-BE54-9A1E7A4F7556}") = "SimpleFactory", "SimpleFactory\SimpleFactory.csproj", "{92FB97B5-C3BD-4BEB-935D-6202AFA112B6}"
EndProject
Project("{9A19103F-16F7-4668-BE54-9A1E7A4F7556}") = "AbstractFactory", "AbstractFactory\AbstractFactory.csproj", "{4707D3CC-3230-456C-892F-117E859F0BFA}"
EndProject
Project("{9A19103F-16F7-4668-BE54-9A1E7A4F7556}") = "StandardBuilder", "Builder\StandardBuilder.csproj", "{4CF82B61-2684-4CF2-BEDC-DA1C304347AB}"
EndProject
Project("{9A19103F-16F7-4668-BE54-9A1E7A4F7556}") = "FluentBuilder", "FluentBuilder\FluentBuilder.csproj", "{CD064308-7950-40C4-9AD5-C87AAF1E2729}"
EndProject
Project("{2150E333-8FDC-42A3-9474-1A3956D46DE8}") = "Structural", "Structural", "{F4E75566-C281-4B98-8B18-0F96A17663A6}"
EndProject
Project("{2150E333-8FDC-42A3-9474-1A3956D46DE8}") = "Behavioural", "Behavioural", "{FF6F6602-FD64-496D-811F-489A7659B18D}"
EndProject
Project("{9A19103F-16F7-4668-BE54-9A1E7A4F7556}") = "Decorator", "Decorator\Decorator.csproj", "{D0D4589E-191F-47B1-9621-1FA7E8B47E8D}"
EndProject
Project("{2150E333-8FDC-42A3-9474-1A3956D46DE8}") = "Factory", "Factory", "{47DA767A-1A2C-4D3F-B4DC-5DF760E0D5F6}"
EndProject
Project("{2150E333-8FDC-42A3-9474-1A3956D46DE8}") = "Builder", "Builder", "{93E1CD13-36CD-4F5D-9940-98A4D5757B92}"
EndProject
Project("{9A19103F-16F7-4668-BE54-9A1E7A4F7556}") = "Adapter", "Adapter\Adapter.csproj", "{208D1AAC-2E13-4044-8611-912D3583D5E6}"
EndProject
Project("{9A19103F-16F7-4668-BE54-9A1E7A4F7556}") = "Facade", "Facade\Facade.csproj", "{263DD9B5-FDBD-4EB7-972D-4A38C210AEEB}"
EndProject
Project("{FAE04EC0-301F-11D3-BF4B-00C04F79EFBC}") = "Observer", "Observer\Observer.csproj", "{7AB1162D-0190-4549-B00C-83433D2BF15D}"
EndProject
Project("{FAE04EC0-301F-11D3-BF4B-00C04F79EFBC}") = "Singleton", "Singleton\Singleton.csproj", "{574AECAF-FD83-4CCE-A606-1663DE7A9171}"
EndProject
Global
	GlobalSection(SolutionConfigurationPlatforms) = preSolution
		Debug|Any CPU = Debug|Any CPU
		Release|Any CPU = Release|Any CPU
	EndGlobalSection
	GlobalSection(ProjectConfigurationPlatforms) = postSolution
		{FC21C6A0-0971-434A-87B2-A2C81BE18051}.Debug|Any CPU.ActiveCfg = Debug|Any CPU
		{FC21C6A0-0971-434A-87B2-A2C81BE18051}.Debug|Any CPU.Build.0 = Debug|Any CPU
		{FC21C6A0-0971-434A-87B2-A2C81BE18051}.Release|Any CPU.ActiveCfg = Release|Any CPU
		{FC21C6A0-0971-434A-87B2-A2C81BE18051}.Release|Any CPU.Build.0 = Release|Any CPU
		{92FB97B5-C3BD-4BEB-935D-6202AFA112B6}.Debug|Any CPU.ActiveCfg = Debug|Any CPU
		{92FB97B5-C3BD-4BEB-935D-6202AFA112B6}.Debug|Any CPU.Build.0 = Debug|Any CPU
		{92FB97B5-C3BD-4BEB-935D-6202AFA112B6}.Release|Any CPU.ActiveCfg = Release|Any CPU
		{92FB97B5-C3BD-4BEB-935D-6202AFA112B6}.Release|Any CPU.Build.0 = Release|Any CPU
		{4707D3CC-3230-456C-892F-117E859F0BFA}.Debug|Any CPU.ActiveCfg = Debug|Any CPU
		{4707D3CC-3230-456C-892F-117E859F0BFA}.Debug|Any CPU.Build.0 = Debug|Any CPU
		{4707D3CC-3230-456C-892F-117E859F0BFA}.Release|Any CPU.ActiveCfg = Release|Any CPU
		{4707D3CC-3230-456C-892F-117E859F0BFA}.Release|Any CPU.Build.0 = Release|Any CPU
		{4CF82B61-2684-4CF2-BEDC-DA1C304347AB}.Debug|Any CPU.ActiveCfg = Debug|Any CPU
		{4CF82B61-2684-4CF2-BEDC-DA1C304347AB}.Debug|Any CPU.Build.0 = Debug|Any CPU
		{4CF82B61-2684-4CF2-BEDC-DA1C304347AB}.Release|Any CPU.ActiveCfg = Release|Any CPU
		{4CF82B61-2684-4CF2-BEDC-DA1C304347AB}.Release|Any CPU.Build.0 = Release|Any CPU
		{CD064308-7950-40C4-9AD5-C87AAF1E2729}.Debug|Any CPU.ActiveCfg = Debug|Any CPU
		{CD064308-7950-40C4-9AD5-C87AAF1E2729}.Debug|Any CPU.Build.0 = Debug|Any CPU
		{CD064308-7950-40C4-9AD5-C87AAF1E2729}.Release|Any CPU.ActiveCfg = Release|Any CPU
		{CD064308-7950-40C4-9AD5-C87AAF1E2729}.Release|Any CPU.Build.0 = Release|Any CPU
		{D0D4589E-191F-47B1-9621-1FA7E8B47E8D}.Debug|Any CPU.ActiveCfg = Debug|Any CPU
		{D0D4589E-191F-47B1-9621-1FA7E8B47E8D}.Debug|Any CPU.Build.0 = Debug|Any CPU
		{D0D4589E-191F-47B1-9621-1FA7E8B47E8D}.Release|Any CPU.ActiveCfg = Release|Any CPU
		{D0D4589E-191F-47B1-9621-1FA7E8B47E8D}.Release|Any CPU.Build.0 = Release|Any CPU
		{208D1AAC-2E13-4044-8611-912D3583D5E6}.Debug|Any CPU.ActiveCfg = Debug|Any CPU
		{208D1AAC-2E13-4044-8611-912D3583D5E6}.Debug|Any CPU.Build.0 = Debug|Any CPU
		{208D1AAC-2E13-4044-8611-912D3583D5E6}.Release|Any CPU.ActiveCfg = Release|Any CPU
		{208D1AAC-2E13-4044-8611-912D3583D5E6}.Release|Any CPU.Build.0 = Release|Any CPU
		{263DD9B5-FDBD-4EB7-972D-4A38C210AEEB}.Debug|Any CPU.ActiveCfg = Debug|Any CPU
		{263DD9B5-FDBD-4EB7-972D-4A38C210AEEB}.Debug|Any CPU.Build.0 = Debug|Any CPU
		{263DD9B5-FDBD-4EB7-972D-4A38C210AEEB}.Release|Any CPU.ActiveCfg = Release|Any CPU
		{263DD9B5-FDBD-4EB7-972D-4A38C210AEEB}.Release|Any CPU.Build.0 = Release|Any CPU
		{7AB1162D-0190-4549-B00C-83433D2BF15D}.Debug|Any CPU.ActiveCfg = Debug|Any CPU
		{7AB1162D-0190-4549-B00C-83433D2BF15D}.Debug|Any CPU.Build.0 = Debug|Any CPU
		{7AB1162D-0190-4549-B00C-83433D2BF15D}.Release|Any CPU.ActiveCfg = Release|Any CPU
		{7AB1162D-0190-4549-B00C-83433D2BF15D}.Release|Any CPU.Build.0 = Release|Any CPU
		{574AECAF-FD83-4CCE-A606-1663DE7A9171}.Debug|Any CPU.ActiveCfg = Debug|Any CPU
		{574AECAF-FD83-4CCE-A606-1663DE7A9171}.Debug|Any CPU.Build.0 = Debug|Any CPU
		{574AECAF-FD83-4CCE-A606-1663DE7A9171}.Release|Any CPU.ActiveCfg = Release|Any CPU
		{574AECAF-FD83-4CCE-A606-1663DE7A9171}.Release|Any CPU.Build.0 = Release|Any CPU
	EndGlobalSection
	GlobalSection(SolutionProperties) = preSolution
		HideSolutionNode = FALSE
	EndGlobalSection
	GlobalSection(NestedProjects) = preSolution
		{FC21C6A0-0971-434A-87B2-A2C81BE18051} = {47DA767A-1A2C-4D3F-B4DC-5DF760E0D5F6}
		{92FB97B5-C3BD-4BEB-935D-6202AFA112B6} = {47DA767A-1A2C-4D3F-B4DC-5DF760E0D5F6}
		{4707D3CC-3230-456C-892F-117E859F0BFA} = {47DA767A-1A2C-4D3F-B4DC-5DF760E0D5F6}
		{4CF82B61-2684-4CF2-BEDC-DA1C304347AB} = {93E1CD13-36CD-4F5D-9940-98A4D5757B92}
		{CD064308-7950-40C4-9AD5-C87AAF1E2729} = {93E1CD13-36CD-4F5D-9940-98A4D5757B92}
		{D0D4589E-191F-47B1-9621-1FA7E8B47E8D} = {F4E75566-C281-4B98-8B18-0F96A17663A6}
		{47DA767A-1A2C-4D3F-B4DC-5DF760E0D5F6} = {CB527102-0F36-4362-8BA7-F75DF00A24F8}
		{93E1CD13-36CD-4F5D-9940-98A4D5757B92} = {CB527102-0F36-4362-8BA7-F75DF00A24F8}
		{208D1AAC-2E13-4044-8611-912D3583D5E6} = {F4E75566-C281-4B98-8B18-0F96A17663A6}
		{263DD9B5-FDBD-4EB7-972D-4A38C210AEEB} = {F4E75566-C281-4B98-8B18-0F96A17663A6}
		{7AB1162D-0190-4549-B00C-83433D2BF15D} = {FF6F6602-FD64-496D-811F-489A7659B18D}
		{574AECAF-FD83-4CCE-A606-1663DE7A9171} = {CB527102-0F36-4362-8BA7-F75DF00A24F8}
	EndGlobalSection
	GlobalSection(ExtensibilityGlobals) = postSolution
		SolutionGuid = {CA4DD6A1-FCAC-4D3C-BE47-647F6E20BD57}
	EndGlobalSection
EndGlobal
